
Microsoft Visual Studio Solution File, Format Version 12.00
# Visual Studio Version 16
VisualStudioVersion = 16.0.31402.337
MinimumVisualStudioVersion = 10.0.40219.1
Project("{FAE04EC0-301F-11D3-BF4B-00C04F79EFBC}") = "DataApi", "DataApi\DataApi.csproj", "{76A64A0C-1312-459F-8B7A-9BB215AC6C3C}"
EndProject
Project("{FAE04EC0-301F-11D3-BF4B-00C04F79EFBC}") = "DAL", "DAL\DAL.csproj", "{B55A4BA5-F0FB-4B1B-BF4B-64C6AA73059F}"
EndProject
Global
	GlobalSection(SolutionConfigurationPlatforms) = preSolution
		Debug|Any CPU = Debug|Any CPU
		Release|Any CPU = Release|Any CPU
	EndGlobalSection
	GlobalSection(ProjectConfigurationPlatforms) = postSolution
		{76A64A0C-1312-459F-8B7A-9BB215AC6C3C}.Debug|Any CPU.ActiveCfg = Debug|Any CPU
		{76A64A0C-1312-459F-8B7A-9BB215AC6C3C}.Debug|Any CPU.Build.0 = Debug|Any CPU
		{76A64A0C-1312-459F-8B7A-9BB215AC6C3C}.Release|Any CPU.ActiveCfg = Release|Any CPU
		{76A64A0C-1312-459F-8B7A-9BB215AC6C3C}.Release|Any CPU.Build.0 = Release|Any CPU
		{B55A4BA5-F0FB-4B1B-BF4B-64C6AA73059F}.Debug|Any CPU.ActiveCfg = Debug|Any CPU
		{B55A4BA5-F0FB-4B1B-BF4B-64C6AA73059F}.Debug|Any CPU.Build.0 = Debug|Any CPU
		{B55A4BA5-F0FB-4B1B-BF4B-64C6AA73059F}.Release|Any CPU.ActiveCfg = Release|Any CPU
		{B55A4BA5-F0FB-4B1B-BF4B-64C6AA73059F}.Release|Any CPU.Build.0 = Release|Any CPU
	EndGlobalSection
	GlobalSection(SolutionProperties) = preSolution
		HideSolutionNode = FALSE
	EndGlobalSection
	GlobalSection(ExtensibilityGlobals) = postSolution
		SolutionGuid = {5EC7A9C6-045E-422F-BFE1-94F76955B3B8}
	EndGlobalSection
EndGlobal
